{
  "version": 4,
  "terraform_version": "1.11.2",
  "serial": 42,
  "lineage": "b75d3608-daaf-455c-be1b-d6a477b3be5a",
  "outputs": {},
  "resources": [
    {
      "mode": "data",
      "type": "aws_caller_identity",
      "name": "current",
      "provider": "provider[\"registry.terraform.io/hashicorp/aws\"]",
      "instances": [
        {
          "schema_version": 0,
          "attributes": {
            "account_id": "180294191658",
            "arn": "arn:aws:iam::180294191658:user/Nick_Admin",
            "id": "180294191658",
            "user_id": "AIDAST6S7BIVHPGTFTZVB"
          },
          "sensitive_attributes": []
        }
      ]
    },
    {
      "mode": "managed",
      "type": "aws_macie2_classification_job",
      "name": "sensitive_data_scan",
      "provider": "provider[\"registry.terraform.io/hashicorp/aws\"]",
      "instances": [
        {
          "schema_version": 0,
          "attributes": {
            "created_at": "2025-03-16T17:52:10Z",
            "custom_data_identifier_ids": [],
            "description": "",
            "id": "6752269b8c60681a64e83c2935cce25d",
            "initial_run": false,
            "job_arn": "arn:aws:macie2:us-east-1:180294191658:classification-job/6752269b8c60681a64e83c2935cce25d",
            "job_id": "6752269b8c60681a64e83c2935cce25d",
            "job_status": "RUNNING",
            "job_type": "ONE_TIME",
            "name": "macie-s3-scan",
            "name_prefix": "",
            "s3_job_definition": [
              {
                "bucket_criteria": [],
                "bucket_definitions": [
                  {
                    "account_id": "180294191658",
                    "buckets": [
                      "macie-sensitive-data-bucket234"
                    ]
                  }
                ],
                "scoping": [
                  {
                    "excludes": [],
                    "includes": [
                      {
                        "and": [
                          {
                            "simple_scope_term": [
                              {
                                "comparator": "EQ",
                                "key": "OBJECT_EXTENSION",
                                "values": [
                                  "txt",
                                  "csv"
                                ]
                              }
                            ],
                            "tag_scope_term": []
                          }
                        ]
                      }
                    ]
                  }
                ]
              }
            ],
            "sampling_percentage": 100,
            "schedule_frequency": [],
            "tags": {},
            "tags_all": {},
            "timeouts": null,
            "user_paused_details": []
          },
          "sensitive_attributes": [],
          "private": "eyJlMmJmYjczMC1lY2FhLTExZTYtOGY4OC0zNDM2M2JjN2M0YzAiOnsiY3JlYXRlIjoyNDAwMDAwMDAwMDAsInVwZGF0ZSI6MjQwMDAwMDAwMDAwfX0=",
          "dependencies": [
            "aws_s3_bucket.sensitive_data",
            "data.aws_caller_identity.current"
          ]
        }
      ]
    },
    {
      "mode": "managed",
      "type": "aws_s3_bucket",
      "name": "sensitive_data",
      "provider": "provider[\"registry.terraform.io/hashicorp/aws\"]",
      "instances": [
        {
          "schema_version": 0,
          "attributes": {
            "acceleration_status": "",
            "acl": null,
            "arn": "arn:aws:s3:::macie-sensitive-data-bucket234",
            "bucket": "macie-sensitive-data-bucket234",
            "bucket_domain_name": "macie-sensitive-data-bucket234.s3.amazonaws.com",
            "bucket_prefix": "",
            "bucket_regional_domain_name": "macie-sensitive-data-bucket234.s3.us-east-1.amazonaws.com",
            "cors_rule": [],
            "force_destroy": false,
            "grant": [
              {
                "id": "a9879103b78c35d318d06c8b0f59b8349042a442ab83a47219590bffd6622b12",
                "permissions": [
                  "FULL_CONTROL"
                ],
                "type": "CanonicalUser",
                "uri": ""
              }
            ],
            "hosted_zone_id": "Z3AQBSTGFYJSTF",
            "id": "macie-sensitive-data-bucket234",
            "lifecycle_rule": [],
            "logging": [],
            "object_lock_configuration": [],
            "object_lock_enabled": false,
            "policy": "",
            "region": "us-east-1",
            "replication_configuration": [],
            "request_payer": "BucketOwner",
            "server_side_encryption_configuration": [
              {
                "rule": [
                  {
                    "apply_server_side_encryption_by_default": [
                      {
                        "kms_master_key_id": "",
                        "sse_algorithm": "AES256"
                      }
                    ],
                    "bucket_key_enabled": false
                  }
                ]
              }
            ],
            "tags": {},
            "tags_all": {},
            "timeouts": null,
            "versioning": [
              {
                "enabled": false,
                "mfa_delete": false
              }
            ],
            "website": [],
            "website_domain": null,
            "website_endpoint": null
          },
          "sensitive_attributes": [],
          "private": "eyJlMmJmYjczMC1lY2FhLTExZTYtOGY4OC0zNDM2M2JjN2M0YzAiOnsiY3JlYXRlIjoxMjAwMDAwMDAwMDAwLCJkZWxldGUiOjM2MDAwMDAwMDAwMDAsInJlYWQiOjEyMDAwMDAwMDAwMDAsInVwZGF0ZSI6MTIwMDAwMDAwMDAwMH19"
        }
      ]
    }
  ],
  "check_results": null
}
